
Microsoft Visual Studio Solution File, Format Version 12.00
# Visual Studio Version 17
VisualStudioVersion = 17.0.31903.59
MinimumVisualStudioVersion = 10.0.40219.1
Project("{FAE04EC0-301F-11D3-BF4B-00C04F79EFBC}") = "Practical1", "Practical1\Practical1.csproj", "{29F59B98-D181-4AC2-974F-B93AB78AA4B6}"
EndProject
Project("{FAE04EC0-301F-11D3-BF4B-00C04F79EFBC}") = "Practical2", "Practical2\Practical2.csproj", "{D6524F3E-D7DC-4D3A-84D2-803AF92F4865}"
EndProject
Project("{FAE04EC0-301F-11D3-BF4B-00C04F79EFBC}") = "Practical3", "Practical3\Practical3.csproj", "{810F593D-5229-4B76-BBE0-A1233768F05E}"
EndProject
Project("{FAE04EC0-301F-11D3-BF4B-00C04F79EFBC}") = "Practical4", "Practical4\Practical4.csproj", "{209C6869-7A68-4C7D-A823-132B53DDD95C}"
EndProject
Global
	GlobalSection(SolutionConfigurationPlatforms) = preSolution
		Debug|Any CPU = Debug|Any CPU
		Release|Any CPU = Release|Any CPU
	EndGlobalSection
	GlobalSection(ProjectConfigurationPlatforms) = postSolution
		{29F59B98-D181-4AC2-974F-B93AB78AA4B6}.Debug|Any CPU.ActiveCfg = Debug|Any CPU
		{29F59B98-D181-4AC2-974F-B93AB78AA4B6}.Debug|Any CPU.Build.0 = Debug|Any CPU
		{29F59B98-D181-4AC2-974F-B93AB78AA4B6}.Release|Any CPU.ActiveCfg = Release|Any CPU
		{29F59B98-D181-4AC2-974F-B93AB78AA4B6}.Release|Any CPU.Build.0 = Release|Any CPU
		{D6524F3E-D7DC-4D3A-84D2-803AF92F4865}.Debug|Any CPU.ActiveCfg = Debug|Any CPU
		{D6524F3E-D7DC-4D3A-84D2-803AF92F4865}.Debug|Any CPU.Build.0 = Debug|Any CPU
		{D6524F3E-D7DC-4D3A-84D2-803AF92F4865}.Release|Any CPU.ActiveCfg = Release|Any CPU
		{D6524F3E-D7DC-4D3A-84D2-803AF92F4865}.Release|Any CPU.Build.0 = Release|Any CPU
		{810F593D-5229-4B76-BBE0-A1233768F05E}.Debug|Any CPU.ActiveCfg = Debug|Any CPU
		{810F593D-5229-4B76-BBE0-A1233768F05E}.Debug|Any CPU.Build.0 = Debug|Any CPU
		{810F593D-5229-4B76-BBE0-A1233768F05E}.Release|Any CPU.ActiveCfg = Release|Any CPU
		{810F593D-5229-4B76-BBE0-A1233768F05E}.Release|Any CPU.Build.0 = Release|Any CPU
		{209C6869-7A68-4C7D-A823-132B53DDD95C}.Debug|Any CPU.ActiveCfg = Debug|Any CPU
		{209C6869-7A68-4C7D-A823-132B53DDD95C}.Debug|Any CPU.Build.0 = Debug|Any CPU
		{209C6869-7A68-4C7D-A823-132B53DDD95C}.Release|Any CPU.ActiveCfg = Release|Any CPU
		{209C6869-7A68-4C7D-A823-132B53DDD95C}.Release|Any CPU.Build.0 = Release|Any CPU
	EndGlobalSection
	GlobalSection(SolutionProperties) = preSolution
		HideSolutionNode = FALSE
	EndGlobalSection
	GlobalSection(ExtensibilityGlobals) = postSolution
		SolutionGuid = {4944D99B-9B36-4145-8B06-0DD7083A4821}
	EndGlobalSection
EndGlobal
